{
    "_readme": [
        "This file locks the dependencies of your project to a known state",
        "Read more about it at https://getcomposer.org/doc/01-basic-usage.md#composer-lock-the-lock-file",
        "This file is @generated automatically"
    ],
    "hash": "d9172f9ee0f2abfc6a0ca89e5b1fe0ac",
    "content-hash": "4961056b461f179b3922dc05669aa7c9",
    "packages": [
        {
            "name": "longman/telegram-bot",
            "version": "0.27.0",
            "source": {
                "type": "git",
                "url": "https://github.com/akalongman/php-telegram-bot.git",
                "reference": "f11c153c590df266e7d528230dd82b30573c1c61"
            },
            "dist": {
                "type": "zip",
                "url": "https://api.github.com/repos/akalongman/php-telegram-bot/zipball/f11c153c590df266e7d528230dd82b30573c1c61",
                "reference": "f11c153c590df266e7d528230dd82b30573c1c61",
                "shasum": ""
            },
            "require": {
                "ext-curl": "*",
                "ext-pdo": "*",
                "php": ">=5.5.0"
            },
            "require-dev": {
                "phpspec/phpspec": "~2.1",
                "phpunit/phpunit": "~4.1",
                "squizlabs/php_codesniffer": "~2.3"
            },
            "type": "library",
            "autoload": {
                "psr-4": {
                    "Longman\\TelegramBot\\": "src/"
                }
            },
            "notification-url": "https://packagist.org/downloads/",
            "license": [
                "MIT"
            ],
            "authors": [
                {
                    "name": "Avtandil Kikabidze aka LONGMAN",
                    "email": "akalongman@gmail.com",
                    "homepage": "http://longman.me",
                    "role": "Developer"
                }
            ],
            "description": "PHP telegram bot",
            "homepage": "https://github.com/akalongman/php-telegram-bot",
            "keywords": [
                "api",
                "bot",
                "telegram"
            ],
            "time": "2016-01-24 16:39:39"
        }
    ],
    "packages-dev": [],
    "aliases": [],
    "minimum-stability": "stable",
    "stability-flags": [],
    "prefer-stable": false,
    "prefer-lowest": false,
    "platform": [],
    "platform-dev": []
}
